<?xml version="1.0" encoding="utf-8"?>
<Project ToolsVersion="4.0" xmlns="http://schemas.microsoft.com/developer/msbuild/2003">
  <ItemGroup>
    <Filter Include="头文件">
      <UniqueIdentifier>{93995380-89BD-4b04-88EB-625FBE52EBFB}</UniqueIdentifier>
      <Extensions>h;hh;hpp;hxx;hm;inl;inc;xsd</Extensions>
    </Filter>
    <Filter Include="资源文件">
      <UniqueIdentifier>{67DA6AB6-F800-4c08-8B7A-83BB121AAD01}</UniqueIdentifier>
      <Extensions>rc;ico;cur;bmp;dlg;rc2;rct;bin;rgs;gif;jpg;jpeg;jpe;resx;tiff;tif;png;wav;mfcribbon-ms</Extensions>
    </Filter>
    <Filter Include="源文件">
      <UniqueIdentifier>{4FC737F1-C7A5-4376-A066-2A32D752A2FF}</UniqueIdentifier>
      <Extensions>cpp;c;cc;cxx;def;odl;idl;hpj;bat;asm;asmx</Extensions>
    </Filter>
  </ItemGroup>
  <ItemGroup>
    <Text Include="ReadMe.txt" />
  </ItemGroup>
  <ItemGroup>
    <ClInclude Include="任务管理器.h">
      <Filter>头文件</Filter>
    </ClInclude>
    <ClInclude Include="任务管理器Dlg.h">
      <Filter>头文件</Filter>
    </ClInclude>
    <ClInclude Include="stdafx.h">
      <Filter>头文件</Filter>
    </ClInclude>
    <ClInclude Include="targetver.h">
      <Filter>头文件</Filter>
    </ClInclude>
    <ClInclude Include="Resource.h">
      <Filter>头文件</Filter>
    </ClInclude>
    <ClInclude Include="MyTable.h">
      <Filter>头文件</Filter>
    </ClInclude>
    <ClInclude Include="Dlg_app.h">
      <Filter>头文件</Filter>
    </ClInclude>
    <ClInclude Include="Dlg_proc.h">
      <Filter>头文件</Filter>
    </ClInclude>
    <ClInclude Include="MylistCtrl.h">
      <Filter>头文件</Filter>
    </ClInclude>
    <ClInclude Include="MylistCtrlApp.h">
      <Filter>头文件</Filter>
    </ClInclude>
    <ClInclude Include="Dlg_file.h">
      <Filter>头文件</Filter>
    </ClInclude>
    <ClInclude Include="MyListCtrlFile.h">
      <Filter>头文件</Filter>
    </ClInclude>
    <ClInclude Include="DlgThreadInfo.h">
      <Filter>头文件</Filter>
    </ClInclude>
    <ClInclude Include="MyListThread.h">
      <Filter>头文件</Filter>
    </ClInclude>
    <ClInclude Include="Dlg_module.h">
      <Filter>头文件</Filter>
    </ClInclude>
    <ClInclude Include="ListModule.h">
      <Filter>头文件</Filter>
    </ClInclude>
    <ClInclude Include="Dlg.h">
      <Filter>头文件</Filter>
    </ClInclude>
    <ClInclude Include="Clist_heap.h">
      <Filter>头文件</Filter>
    </ClInclude>
  </ItemGroup>
  <ItemGroup>
    <ClCompile Include="任务管理器.cpp">
      <Filter>源文件</Filter>
    </ClCompile>
    <ClCompile Include="任务管理器Dlg.cpp">
      <Filter>源文件</Filter>
    </ClCompile>
    <ClCompile Include="stdafx.cpp">
      <Filter>源文件</Filter>
    </ClCompile>
    <ClCompile Include="MyTable.cpp">
      <Filter>源文件</Filter>
    </ClCompile>
    <ClCompile Include="Dlg_app.cpp">
      <Filter>源文件</Filter>
    </ClCompile>
    <ClCompile Include="Dlg_proc.cpp">
      <Filter>源文件</Filter>
    </ClCompile>
    <ClCompile Include="MylistCtrl.cpp">
      <Filter>源文件</Filter>
    </ClCompile>
    <ClCompile Include="MylistCtrlApp.cpp">
      <Filter>源文件</Filter>
    </ClCompile>
    <ClCompile Include="Dlg_file.cpp">
      <Filter>源文件</Filter>
    </ClCompile>
    <ClCompile Include="MyListCtrlFile.cpp">
      <Filter>源文件</Filter>
    </ClCompile>
    <ClCompile Include="DlgThreadInfo.cpp">
      <Filter>源文件</Filter>
    </ClCompile>
    <ClCompile Include="MyListThread.cpp">
      <Filter>源文件</Filter>
    </ClCompile>
    <ClCompile Include="Dlg_module.cpp">
      <Filter>源文件</Filter>
    </ClCompile>
    <ClCompile Include="ListModule.cpp">
      <Filter>源文件</Filter>
    </ClCompile>
    <ClCompile Include="Dlg.cpp">
      <Filter>源文件</Filter>
    </ClCompile>
    <ClCompile Include="Clist_heap.cpp">
      <Filter>源文件</Filter>
    </ClCompile>
  </ItemGroup>
  <ItemGroup>
    <ResourceCompile Include="任务管理器.rc">
      <Filter>资源文件</Filter>
    </ResourceCompile>
  </ItemGroup>
  <ItemGroup>
    <None Include="res\My.rc2">
      <Filter>资源文件</Filter>
    </None>
  </ItemGroup>
  <ItemGroup>
    <Image Include="res\任务管理器.ico">
      <Filter>资源文件</Filter>
    </Image>
  </ItemGroup>
</Project>